
Microsoft Visual Studio Solution File, Format Version 12.00
# Visual Studio Version 17
VisualStudioVersion = 17.1.32210.238
MinimumVisualStudioVersion = 10.0.40219.1
Project("{FAE04EC0-301F-11D3-BF4B-00C04F79EFBC}") = "Tarea 2 - Andri Adiel Navas", "Tarea 2 - Andri Adiel Navas.csproj", "{1857DEC2-110B-43E6-842F-E4828E7E96DA}"
EndProject
Global
	GlobalSection(SolutionConfigurationPlatforms) = preSolution
		Debug|Any CPU = Debug|Any CPU
		Release|Any CPU = Release|Any CPU
	EndGlobalSection
	GlobalSection(ProjectConfigurationPlatforms) = postSolution
		{1857DEC2-110B-43E6-842F-E4828E7E96DA}.Debug|Any CPU.ActiveCfg = Debug|Any CPU
		{1857DEC2-110B-43E6-842F-E4828E7E96DA}.Debug|Any CPU.Build.0 = Debug|Any CPU
		{1857DEC2-110B-43E6-842F-E4828E7E96DA}.Release|Any CPU.ActiveCfg = Release|Any CPU
		{1857DEC2-110B-43E6-842F-E4828E7E96DA}.Release|Any CPU.Build.0 = Release|Any CPU
	EndGlobalSection
	GlobalSection(SolutionProperties) = preSolution
		HideSolutionNode = FALSE
	EndGlobalSection
	GlobalSection(ExtensibilityGlobals) = postSolution
		SolutionGuid = {90571726-6F07-456C-B2E6-272CD93C762B}
	EndGlobalSection
EndGlobal
